
Microsoft Visual Studio Solution File, Format Version 12.00
# Visual Studio Version 17
VisualStudioVersion = 17.7.34031.279
MinimumVisualStudioVersion = 10.0.40219.1
Project("{9A19103F-16F7-4668-BE54-9A1E7A4F7556}") = "Repository", "src\Repository\Repository.csproj", "{829BD3F3-58E7-4A33-AEDB-273446447C8E}"
EndProject
Project("{9A19103F-16F7-4668-BE54-9A1E7A4F7556}") = "WebApi", "src\WebApi\WebApi.csproj", "{C087AC0D-2579-4D79-B66B-A2F28A07EAD9}"
	ProjectSection(ProjectDependencies) = postProject
		{829BD3F3-58E7-4A33-AEDB-273446447C8E} = {829BD3F3-58E7-4A33-AEDB-273446447C8E}
	EndProjectSection
EndProject
Project("{2150E333-8FDC-42A3-9474-1A3956D46DE8}") = "src", "src", "{BEC07E23-200A-4EF4-9C60-9D721E9D842E}"
EndProject
Project("{2150E333-8FDC-42A3-9474-1A3956D46DE8}") = "test", "test", "{41FCEB84-7D12-4C53-B096-C0CC9AED8AA5}"
EndProject
Project("{9A19103F-16F7-4668-BE54-9A1E7A4F7556}") = "Validation", "src\Validation\Validation.csproj", "{16BC11F9-4165-47B2-97DA-A20028E3DCDD}"
EndProject
Project("{9A19103F-16F7-4668-BE54-9A1E7A4F7556}") = "AscConverter", "src\AscConverter\AscConverter.csproj", "{3DA6275D-351E-4D18-BA00-E9624E6D7A67}"
EndProject
Project("{9A19103F-16F7-4668-BE54-9A1E7A4F7556}") = "Core", "src\Core\Core.csproj", "{25C9B85F-8F69-41D8-8AC0-F1C050285A63}"
EndProject
Global
	GlobalSection(SolutionConfigurationPlatforms) = preSolution
		Debug|Any CPU = Debug|Any CPU
		Release|Any CPU = Release|Any CPU
	EndGlobalSection
	GlobalSection(ProjectConfigurationPlatforms) = postSolution
		{829BD3F3-58E7-4A33-AEDB-273446447C8E}.Debug|Any CPU.ActiveCfg = Debug|Any CPU
		{829BD3F3-58E7-4A33-AEDB-273446447C8E}.Debug|Any CPU.Build.0 = Debug|Any CPU
		{829BD3F3-58E7-4A33-AEDB-273446447C8E}.Release|Any CPU.ActiveCfg = Release|Any CPU
		{829BD3F3-58E7-4A33-AEDB-273446447C8E}.Release|Any CPU.Build.0 = Release|Any CPU
		{C087AC0D-2579-4D79-B66B-A2F28A07EAD9}.Debug|Any CPU.ActiveCfg = Debug|Any CPU
		{C087AC0D-2579-4D79-B66B-A2F28A07EAD9}.Debug|Any CPU.Build.0 = Debug|Any CPU
		{C087AC0D-2579-4D79-B66B-A2F28A07EAD9}.Release|Any CPU.ActiveCfg = Release|Any CPU
		{C087AC0D-2579-4D79-B66B-A2F28A07EAD9}.Release|Any CPU.Build.0 = Release|Any CPU
		{16BC11F9-4165-47B2-97DA-A20028E3DCDD}.Debug|Any CPU.ActiveCfg = Debug|Any CPU
		{16BC11F9-4165-47B2-97DA-A20028E3DCDD}.Debug|Any CPU.Build.0 = Debug|Any CPU
		{16BC11F9-4165-47B2-97DA-A20028E3DCDD}.Release|Any CPU.ActiveCfg = Release|Any CPU
		{16BC11F9-4165-47B2-97DA-A20028E3DCDD}.Release|Any CPU.Build.0 = Release|Any CPU
		{3DA6275D-351E-4D18-BA00-E9624E6D7A67}.Debug|Any CPU.ActiveCfg = Debug|Any CPU
		{3DA6275D-351E-4D18-BA00-E9624E6D7A67}.Debug|Any CPU.Build.0 = Debug|Any CPU
		{3DA6275D-351E-4D18-BA00-E9624E6D7A67}.Release|Any CPU.ActiveCfg = Release|Any CPU
		{3DA6275D-351E-4D18-BA00-E9624E6D7A67}.Release|Any CPU.Build.0 = Release|Any CPU
		{25C9B85F-8F69-41D8-8AC0-F1C050285A63}.Debug|Any CPU.ActiveCfg = Debug|Any CPU
		{25C9B85F-8F69-41D8-8AC0-F1C050285A63}.Debug|Any CPU.Build.0 = Debug|Any CPU
		{25C9B85F-8F69-41D8-8AC0-F1C050285A63}.Release|Any CPU.ActiveCfg = Release|Any CPU
		{25C9B85F-8F69-41D8-8AC0-F1C050285A63}.Release|Any CPU.Build.0 = Release|Any CPU
	EndGlobalSection
	GlobalSection(SolutionProperties) = preSolution
		HideSolutionNode = FALSE
	EndGlobalSection
	GlobalSection(NestedProjects) = preSolution
		{829BD3F3-58E7-4A33-AEDB-273446447C8E} = {BEC07E23-200A-4EF4-9C60-9D721E9D842E}
		{C087AC0D-2579-4D79-B66B-A2F28A07EAD9} = {BEC07E23-200A-4EF4-9C60-9D721E9D842E}
		{16BC11F9-4165-47B2-97DA-A20028E3DCDD} = {BEC07E23-200A-4EF4-9C60-9D721E9D842E}
		{3DA6275D-351E-4D18-BA00-E9624E6D7A67} = {BEC07E23-200A-4EF4-9C60-9D721E9D842E}
		{25C9B85F-8F69-41D8-8AC0-F1C050285A63} = {BEC07E23-200A-4EF4-9C60-9D721E9D842E}
	EndGlobalSection
	GlobalSection(ExtensibilityGlobals) = postSolution
		SolutionGuid = {23608A5E-9784-4D31-9835-B800DF461F7B}
	EndGlobalSection
EndGlobal
