
Microsoft Visual Studio Solution File, Format Version 12.00
# Visual Studio Version 17
VisualStudioVersion = 17.7.34031.279
MinimumVisualStudioVersion = 10.0.40219.1
Project("{9A19103F-16F7-4668-BE54-9A1E7A4F7556}") = "Repository", "src\Repository\Repository.csproj", "{829BD3F3-58E7-4A33-AEDB-273446447C8E}"
EndProject
Project("{9A19103F-16F7-4668-BE54-9A1E7A4F7556}") = "Models", "src\Models\Models.csproj", "{80EA4527-8423-4452-A09C-FDE363622CD3}"
EndProject
Project("{9A19103F-16F7-4668-BE54-9A1E7A4F7556}") = "WebApi", "src\WebApi\WebApi.csproj", "{C087AC0D-2579-4D79-B66B-A2F28A07EAD9}"
EndProject
Project("{FAE04EC0-301F-11D3-BF4B-00C04F79EFBC}") = "Validation", "src\Validation\Validation.csproj", "{D136A3FA-EE7B-44E7-B137-27E8110D4F22}"
EndProject
Project("{9A19103F-16F7-4668-BE54-9A1E7A4F7556}") = "WebApi.Tests", "test\WebApi.Tests\WebApi.Tests.csproj", "{337AB360-7606-4F35-B2EC-495BFC31BBBF}"
EndProject
Project("{2150E333-8FDC-42A3-9474-1A3956D46DE8}") = "src", "src", "{BEC07E23-200A-4EF4-9C60-9D721E9D842E}"
EndProject
Project("{2150E333-8FDC-42A3-9474-1A3956D46DE8}") = "test", "test", "{41FCEB84-7D12-4C53-B096-C0CC9AED8AA5}"
EndProject
Global
	GlobalSection(SolutionConfigurationPlatforms) = preSolution
		Debug|Any CPU = Debug|Any CPU
		Release|Any CPU = Release|Any CPU
	EndGlobalSection
	GlobalSection(ProjectConfigurationPlatforms) = postSolution
		{829BD3F3-58E7-4A33-AEDB-273446447C8E}.Debug|Any CPU.ActiveCfg = Debug|Any CPU
		{829BD3F3-58E7-4A33-AEDB-273446447C8E}.Debug|Any CPU.Build.0 = Debug|Any CPU
		{829BD3F3-58E7-4A33-AEDB-273446447C8E}.Release|Any CPU.ActiveCfg = Release|Any CPU
		{829BD3F3-58E7-4A33-AEDB-273446447C8E}.Release|Any CPU.Build.0 = Release|Any CPU
		{80EA4527-8423-4452-A09C-FDE363622CD3}.Debug|Any CPU.ActiveCfg = Debug|Any CPU
		{80EA4527-8423-4452-A09C-FDE363622CD3}.Debug|Any CPU.Build.0 = Debug|Any CPU
		{80EA4527-8423-4452-A09C-FDE363622CD3}.Release|Any CPU.ActiveCfg = Release|Any CPU
		{80EA4527-8423-4452-A09C-FDE363622CD3}.Release|Any CPU.Build.0 = Release|Any CPU
		{C087AC0D-2579-4D79-B66B-A2F28A07EAD9}.Debug|Any CPU.ActiveCfg = Debug|Any CPU
		{C087AC0D-2579-4D79-B66B-A2F28A07EAD9}.Debug|Any CPU.Build.0 = Debug|Any CPU
		{C087AC0D-2579-4D79-B66B-A2F28A07EAD9}.Release|Any CPU.ActiveCfg = Release|Any CPU
		{C087AC0D-2579-4D79-B66B-A2F28A07EAD9}.Release|Any CPU.Build.0 = Release|Any CPU
		{D136A3FA-EE7B-44E7-B137-27E8110D4F22}.Debug|Any CPU.ActiveCfg = Debug|Any CPU
		{D136A3FA-EE7B-44E7-B137-27E8110D4F22}.Debug|Any CPU.Build.0 = Debug|Any CPU
		{D136A3FA-EE7B-44E7-B137-27E8110D4F22}.Release|Any CPU.ActiveCfg = Release|Any CPU
		{D136A3FA-EE7B-44E7-B137-27E8110D4F22}.Release|Any CPU.Build.0 = Release|Any CPU
		{337AB360-7606-4F35-B2EC-495BFC31BBBF}.Debug|Any CPU.ActiveCfg = Debug|Any CPU
		{337AB360-7606-4F35-B2EC-495BFC31BBBF}.Debug|Any CPU.Build.0 = Debug|Any CPU
		{337AB360-7606-4F35-B2EC-495BFC31BBBF}.Release|Any CPU.ActiveCfg = Release|Any CPU
		{337AB360-7606-4F35-B2EC-495BFC31BBBF}.Release|Any CPU.Build.0 = Release|Any CPU
	EndGlobalSection
	GlobalSection(SolutionProperties) = preSolution
		HideSolutionNode = FALSE
	EndGlobalSection
	GlobalSection(NestedProjects) = preSolution
		{829BD3F3-58E7-4A33-AEDB-273446447C8E} = {BEC07E23-200A-4EF4-9C60-9D721E9D842E}
		{80EA4527-8423-4452-A09C-FDE363622CD3} = {BEC07E23-200A-4EF4-9C60-9D721E9D842E}
		{C087AC0D-2579-4D79-B66B-A2F28A07EAD9} = {BEC07E23-200A-4EF4-9C60-9D721E9D842E}
		{D136A3FA-EE7B-44E7-B137-27E8110D4F22} = {BEC07E23-200A-4EF4-9C60-9D721E9D842E}
		{337AB360-7606-4F35-B2EC-495BFC31BBBF} = {41FCEB84-7D12-4C53-B096-C0CC9AED8AA5}
	EndGlobalSection
	GlobalSection(ExtensibilityGlobals) = postSolution
		SolutionGuid = {23608A5E-9784-4D31-9835-B800DF461F7B}
	EndGlobalSection
EndGlobal
