
Microsoft Visual Studio Solution File, Format Version 12.00
# Visual Studio Version 17
VisualStudioVersion = 17.7.34031.279
MinimumVisualStudioVersion = 10.0.40219.1
Project("{9A19103F-16F7-4668-BE54-9A1E7A4F7556}") = "WebApi", "src\WebApi\WebApi.csproj", "{30F70B99-5991-4D21-884A-E72E2BF1F47F}"
EndProject
Project("{9A19103F-16F7-4668-BE54-9A1E7A4F7556}") = "Repository", "src\Repository\Repository.csproj", "{829BD3F3-58E7-4A33-AEDB-273446447C8E}"
EndProject
Project("{9A19103F-16F7-4668-BE54-9A1E7A4F7556}") = "Models", "src\Models\Models.csproj", "{80EA4527-8423-4452-A09C-FDE363622CD3}"
EndProject
Project("{9A19103F-16F7-4668-BE54-9A1E7A4F7556}") = "WebApi.Tests", "src\WebApi.Tests\WebApi.Tests.csproj", "{25CD22D0-DEC2-4FE3-A279-204B9CE3FE24}"
EndProject
Global
	GlobalSection(SolutionConfigurationPlatforms) = preSolution
		Debug|Any CPU = Debug|Any CPU
		Release|Any CPU = Release|Any CPU
	EndGlobalSection
	GlobalSection(ProjectConfigurationPlatforms) = postSolution
		{30F70B99-5991-4D21-884A-E72E2BF1F47F}.Debug|Any CPU.ActiveCfg = Debug|Any CPU
		{30F70B99-5991-4D21-884A-E72E2BF1F47F}.Debug|Any CPU.Build.0 = Debug|Any CPU
		{30F70B99-5991-4D21-884A-E72E2BF1F47F}.Release|Any CPU.ActiveCfg = Release|Any CPU
		{30F70B99-5991-4D21-884A-E72E2BF1F47F}.Release|Any CPU.Build.0 = Release|Any CPU
		{829BD3F3-58E7-4A33-AEDB-273446447C8E}.Debug|Any CPU.ActiveCfg = Debug|Any CPU
		{829BD3F3-58E7-4A33-AEDB-273446447C8E}.Debug|Any CPU.Build.0 = Debug|Any CPU
		{829BD3F3-58E7-4A33-AEDB-273446447C8E}.Release|Any CPU.ActiveCfg = Release|Any CPU
		{829BD3F3-58E7-4A33-AEDB-273446447C8E}.Release|Any CPU.Build.0 = Release|Any CPU
		{80EA4527-8423-4452-A09C-FDE363622CD3}.Debug|Any CPU.ActiveCfg = Debug|Any CPU
		{80EA4527-8423-4452-A09C-FDE363622CD3}.Debug|Any CPU.Build.0 = Debug|Any CPU
		{80EA4527-8423-4452-A09C-FDE363622CD3}.Release|Any CPU.ActiveCfg = Release|Any CPU
		{80EA4527-8423-4452-A09C-FDE363622CD3}.Release|Any CPU.Build.0 = Release|Any CPU
		{25CD22D0-DEC2-4FE3-A279-204B9CE3FE24}.Debug|Any CPU.ActiveCfg = Debug|Any CPU
		{25CD22D0-DEC2-4FE3-A279-204B9CE3FE24}.Debug|Any CPU.Build.0 = Debug|Any CPU
		{25CD22D0-DEC2-4FE3-A279-204B9CE3FE24}.Release|Any CPU.ActiveCfg = Release|Any CPU
		{25CD22D0-DEC2-4FE3-A279-204B9CE3FE24}.Release|Any CPU.Build.0 = Release|Any CPU
	EndGlobalSection
	GlobalSection(SolutionProperties) = preSolution
		HideSolutionNode = FALSE
	EndGlobalSection
	GlobalSection(ExtensibilityGlobals) = postSolution
		SolutionGuid = {23608A5E-9784-4D31-9835-B800DF461F7B}
	EndGlobalSection
EndGlobal
